<?xml version="1.0" encoding="utf-8"?>
<Project ToolsVersion="4.0" xmlns="http://schemas.microsoft.com/developer/msbuild/2003">
  <ItemGroup>
    <Filter Include="资源文件">
      <UniqueIdentifier>{67DA6AB6-F800-4c08-8B7A-83BB121AAD01}</UniqueIdentifier>
      <Extensions>rc;ico;cur;bmp;dlg;rc2;rct;bin;rgs;gif;jpg;jpeg;jpe;resx;tiff;tif;png;wav;mfcribbon-ms</Extensions>
    </Filter>
    <Filter Include="libavcodec">
      <UniqueIdentifier>{72a4646d-64e8-4762-b4fe-b4a8d280ad10}</UniqueIdentifier>
    </Filter>
    <Filter Include="libavdevice">
      <UniqueIdentifier>{ba716dae-8411-4b9f-991b-44c41f15e09d}</UniqueIdentifier>
    </Filter>
    <Filter Include="libavfilter">
      <UniqueIdentifier>{f22c5ae0-4d94-464e-978f-e804f45b41e4}</UniqueIdentifier>
    </Filter>
    <Filter Include="libavformat">
      <UniqueIdentifier>{0ea79ec3-4077-40fe-9e46-723421d4020c}</UniqueIdentifier>
    </Filter>
    <Filter Include="libavutil">
      <UniqueIdentifier>{c06a8d71-2da6-4d25-846c-af2d140db839}</UniqueIdentifier>
    </Filter>
    <Filter Include="libpostproc">
      <UniqueIdentifier>{d3080050-fb1b-42df-9238-52487e801c0a}</UniqueIdentifier>
    </Filter>
    <Filter Include="libswresample">
      <UniqueIdentifier>{9384f1d4-3a49-4606-8061-83460a027c72}</UniqueIdentifier>
    </Filter>
    <Filter Include="libswscale">
      <UniqueIdentifier>{2c6d7f03-e600-48c8-8243-33049187fb5b}</UniqueIdentifier>
    </Filter>
    <Filter Include="mp4convert">
      <UniqueIdentifier>{5880d261-a147-4c99-9c89-ad26f708fea1}</UniqueIdentifier>
    </Filter>
  </ItemGroup>
  <ItemGroup>
    <ClInclude Include="libavcodec\xvmc.h">
      <Filter>libavcodec</Filter>
    </ClInclude>
    <ClInclude Include="libavcodec\avcodec.h">
      <Filter>libavcodec</Filter>
    </ClInclude>
    <ClInclude Include="libavcodec\avdct.h">
      <Filter>libavcodec</Filter>
    </ClInclude>
    <ClInclude Include="libavcodec\avfft.h">
      <Filter>libavcodec</Filter>
    </ClInclude>
    <ClInclude Include="libavcodec\d3d11va.h">
      <Filter>libavcodec</Filter>
    </ClInclude>
    <ClInclude Include="libavcodec\dirac.h">
      <Filter>libavcodec</Filter>
    </ClInclude>
    <ClInclude Include="libavcodec\dv_profile.h">
      <Filter>libavcodec</Filter>
    </ClInclude>
    <ClInclude Include="libavcodec\dxva2.h">
      <Filter>libavcodec</Filter>
    </ClInclude>
    <ClInclude Include="libavcodec\jni.h">
      <Filter>libavcodec</Filter>
    </ClInclude>
    <ClInclude Include="libavcodec\mediacodec.h">
      <Filter>libavcodec</Filter>
    </ClInclude>
    <ClInclude Include="libavcodec\qsv.h">
      <Filter>libavcodec</Filter>
    </ClInclude>
    <ClInclude Include="libavcodec\vaapi.h">
      <Filter>libavcodec</Filter>
    </ClInclude>
    <ClInclude Include="libavcodec\vda.h">
      <Filter>libavcodec</Filter>
    </ClInclude>
    <ClInclude Include="libavcodec\vdpau.h">
      <Filter>libavcodec</Filter>
    </ClInclude>
    <ClInclude Include="libavcodec\version.h">
      <Filter>libavcodec</Filter>
    </ClInclude>
    <ClInclude Include="libavcodec\videotoolbox.h">
      <Filter>libavcodec</Filter>
    </ClInclude>
    <ClInclude Include="libavcodec\vorbis_parser.h">
      <Filter>libavcodec</Filter>
    </ClInclude>
    <ClInclude Include="libavdevice\version.h">
      <Filter>libavdevice</Filter>
    </ClInclude>
    <ClInclude Include="libavdevice\avdevice.h">
      <Filter>libavdevice</Filter>
    </ClInclude>
    <ClInclude Include="libavfilter\version.h">
      <Filter>libavfilter</Filter>
    </ClInclude>
    <ClInclude Include="libavfilter\avfilter.h">
      <Filter>libavfilter</Filter>
    </ClInclude>
    <ClInclude Include="libavfilter\avfiltergraph.h">
      <Filter>libavfilter</Filter>
    </ClInclude>
    <ClInclude Include="libavfilter\buffersink.h">
      <Filter>libavfilter</Filter>
    </ClInclude>
    <ClInclude Include="libavfilter\buffersrc.h">
      <Filter>libavfilter</Filter>
    </ClInclude>
    <ClInclude Include="libavformat\version.h">
      <Filter>libavformat</Filter>
    </ClInclude>
    <ClInclude Include="libavformat\avformat.h">
      <Filter>libavformat</Filter>
    </ClInclude>
    <ClInclude Include="libavformat\avio.h">
      <Filter>libavformat</Filter>
    </ClInclude>
    <ClInclude Include="libavutil\xtea.h">
      <Filter>libavutil</Filter>
    </ClInclude>
    <ClInclude Include="libavutil\adler32.h">
      <Filter>libavutil</Filter>
    </ClInclude>
    <ClInclude Include="libavutil\aes.h">
      <Filter>libavutil</Filter>
    </ClInclude>
    <ClInclude Include="libavutil\aes_ctr.h">
      <Filter>libavutil</Filter>
    </ClInclude>
    <ClInclude Include="libavutil\attributes.h">
      <Filter>libavutil</Filter>
    </ClInclude>
    <ClInclude Include="libavutil\audio_fifo.h">
      <Filter>libavutil</Filter>
    </ClInclude>
    <ClInclude Include="libavutil\avassert.h">
      <Filter>libavutil</Filter>
    </ClInclude>
    <ClInclude Include="libavutil\avconfig.h">
      <Filter>libavutil</Filter>
    </ClInclude>
    <ClInclude Include="libavutil\avstring.h">
      <Filter>libavutil</Filter>
    </ClInclude>
    <ClInclude Include="libavutil\avutil.h">
      <Filter>libavutil</Filter>
    </ClInclude>
    <ClInclude Include="libavutil\base64.h">
      <Filter>libavutil</Filter>
    </ClInclude>
    <ClInclude Include="libavutil\blowfish.h">
      <Filter>libavutil</Filter>
    </ClInclude>
    <ClInclude Include="libavutil\bprint.h">
      <Filter>libavutil</Filter>
    </ClInclude>
    <ClInclude Include="libavutil\bswap.h">
      <Filter>libavutil</Filter>
    </ClInclude>
    <ClInclude Include="libavutil\buffer.h">
      <Filter>libavutil</Filter>
    </ClInclude>
    <ClInclude Include="libavutil\camellia.h">
      <Filter>libavutil</Filter>
    </ClInclude>
    <ClInclude Include="libavutil\cast5.h">
      <Filter>libavutil</Filter>
    </ClInclude>
    <ClInclude Include="libavutil\channel_layout.h">
      <Filter>libavutil</Filter>
    </ClInclude>
    <ClInclude Include="libavutil\common.h">
      <Filter>libavutil</Filter>
    </ClInclude>
    <ClInclude Include="libavutil\cpu.h">
      <Filter>libavutil</Filter>
    </ClInclude>
    <ClInclude Include="libavutil\crc.h">
      <Filter>libavutil</Filter>
    </ClInclude>
    <ClInclude Include="libavutil\des.h">
      <Filter>libavutil</Filter>
    </ClInclude>
    <ClInclude Include="libavutil\dict.h">
      <Filter>libavutil</Filter>
    </ClInclude>
    <ClInclude Include="libavutil\display.h">
      <Filter>libavutil</Filter>
    </ClInclude>
    <ClInclude Include="libavutil\downmix_info.h">
      <Filter>libavutil</Filter>
    </ClInclude>
    <ClInclude Include="libavutil\error.h">
      <Filter>libavutil</Filter>
    </ClInclude>
    <ClInclude Include="libavutil\eval.h">
      <Filter>libavutil</Filter>
    </ClInclude>
    <ClInclude Include="libavutil\ffversion.h">
      <Filter>libavutil</Filter>
    </ClInclude>
    <ClInclude Include="libavutil\fifo.h">
      <Filter>libavutil</Filter>
    </ClInclude>
    <ClInclude Include="libavutil\file.h">
      <Filter>libavutil</Filter>
    </ClInclude>
    <ClInclude Include="libavutil\frame.h">
      <Filter>libavutil</Filter>
    </ClInclude>
    <ClInclude Include="libavutil\hash.h">
      <Filter>libavutil</Filter>
    </ClInclude>
    <ClInclude Include="libavutil\hmac.h">
      <Filter>libavutil</Filter>
    </ClInclude>
    <ClInclude Include="libavutil\hwcontext.h">
      <Filter>libavutil</Filter>
    </ClInclude>
    <ClInclude Include="libavutil\hwcontext_cuda.h">
      <Filter>libavutil</Filter>
    </ClInclude>
    <ClInclude Include="libavutil\hwcontext_dxva2.h">
      <Filter>libavutil</Filter>
    </ClInclude>
    <ClInclude Include="libavutil\hwcontext_vaapi.h">
      <Filter>libavutil</Filter>
    </ClInclude>
    <ClInclude Include="libavutil\hwcontext_vdpau.h">
      <Filter>libavutil</Filter>
    </ClInclude>
    <ClInclude Include="libavutil\imgutils.h">
      <Filter>libavutil</Filter>
    </ClInclude>
    <ClInclude Include="libavutil\intfloat.h">
      <Filter>libavutil</Filter>
    </ClInclude>
    <ClInclude Include="libavutil\intreadwrite.h">
      <Filter>libavutil</Filter>
    </ClInclude>
    <ClInclude Include="libavutil\lfg.h">
      <Filter>libavutil</Filter>
    </ClInclude>
    <ClInclude Include="libavutil\log.h">
      <Filter>libavutil</Filter>
    </ClInclude>
    <ClInclude Include="libavutil\lzo.h">
      <Filter>libavutil</Filter>
    </ClInclude>
    <ClInclude Include="libavutil\macros.h">
      <Filter>libavutil</Filter>
    </ClInclude>
    <ClInclude Include="libavutil\mastering_display_metadata.h">
      <Filter>libavutil</Filter>
    </ClInclude>
    <ClInclude Include="libavutil\mathematics.h">
      <Filter>libavutil</Filter>
    </ClInclude>
    <ClInclude Include="libavutil\md5.h">
      <Filter>libavutil</Filter>
    </ClInclude>
    <ClInclude Include="libavutil\mem.h">
      <Filter>libavutil</Filter>
    </ClInclude>
    <ClInclude Include="libavutil\motion_vector.h">
      <Filter>libavutil</Filter>
    </ClInclude>
    <ClInclude Include="libavutil\murmur3.h">
      <Filter>libavutil</Filter>
    </ClInclude>
    <ClInclude Include="libavutil\opt.h">
      <Filter>libavutil</Filter>
    </ClInclude>
    <ClInclude Include="libavutil\parseutils.h">
      <Filter>libavutil</Filter>
    </ClInclude>
    <ClInclude Include="libavutil\pixdesc.h">
      <Filter>libavutil</Filter>
    </ClInclude>
    <ClInclude Include="libavutil\pixelutils.h">
      <Filter>libavutil</Filter>
    </ClInclude>
    <ClInclude Include="libavutil\pixfmt.h">
      <Filter>libavutil</Filter>
    </ClInclude>
    <ClInclude Include="libavutil\random_seed.h">
      <Filter>libavutil</Filter>
    </ClInclude>
    <ClInclude Include="libavutil\rational.h">
      <Filter>libavutil</Filter>
    </ClInclude>
    <ClInclude Include="libavutil\rc4.h">
      <Filter>libavutil</Filter>
    </ClInclude>
    <ClInclude Include="libavutil\replaygain.h">
      <Filter>libavutil</Filter>
    </ClInclude>
    <ClInclude Include="libavutil\ripemd.h">
      <Filter>libavutil</Filter>
    </ClInclude>
    <ClInclude Include="libavutil\samplefmt.h">
      <Filter>libavutil</Filter>
    </ClInclude>
    <ClInclude Include="libavutil\sha.h">
      <Filter>libavutil</Filter>
    </ClInclude>
    <ClInclude Include="libavutil\sha512.h">
      <Filter>libavutil</Filter>
    </ClInclude>
    <ClInclude Include="libavutil\stereo3d.h">
      <Filter>libavutil</Filter>
    </ClInclude>
    <ClInclude Include="libavutil\tea.h">
      <Filter>libavutil</Filter>
    </ClInclude>
    <ClInclude Include="libavutil\threadmessage.h">
      <Filter>libavutil</Filter>
    </ClInclude>
    <ClInclude Include="libavutil\time.h">
      <Filter>libavutil</Filter>
    </ClInclude>
    <ClInclude Include="libavutil\timecode.h">
      <Filter>libavutil</Filter>
    </ClInclude>
    <ClInclude Include="libavutil\timestamp.h">
      <Filter>libavutil</Filter>
    </ClInclude>
    <ClInclude Include="libavutil\tree.h">
      <Filter>libavutil</Filter>
    </ClInclude>
    <ClInclude Include="libavutil\twofish.h">
      <Filter>libavutil</Filter>
    </ClInclude>
    <ClInclude Include="libavutil\version.h">
      <Filter>libavutil</Filter>
    </ClInclude>
    <ClInclude Include="libpostproc\version.h">
      <Filter>libpostproc</Filter>
    </ClInclude>
    <ClInclude Include="libpostproc\postprocess.h">
      <Filter>libpostproc</Filter>
    </ClInclude>
    <ClInclude Include="libswresample\version.h">
      <Filter>libswresample</Filter>
    </ClInclude>
    <ClInclude Include="libswresample\swresample.h">
      <Filter>libswresample</Filter>
    </ClInclude>
    <ClInclude Include="libswscale\version.h">
      <Filter>libswscale</Filter>
    </ClInclude>
    <ClInclude Include="libswscale\swscale.h">
      <Filter>libswscale</Filter>
    </ClInclude>
    <ClInclude Include="mp4convert\FFMpegHeader.h">
      <Filter>mp4convert</Filter>
    </ClInclude>
    <ClInclude Include="mp4convert\FFMpegUtil.h">
      <Filter>mp4convert</Filter>
    </ClInclude>
    <ClInclude Include="mp4convert\AudioResample.hpp">
      <Filter>mp4convert</Filter>
    </ClInclude>
    <ClInclude Include="mp4convert\AV.hpp">
      <Filter>mp4convert</Filter>
    </ClInclude>
    <ClInclude Include="mp4convert\TransCode.hpp">
      <Filter>mp4convert</Filter>
    </ClInclude>
    <ClInclude Include="mp4convert\VideoCoverImage.hpp">
      <Filter>mp4convert</Filter>
    </ClInclude>
    <ClInclude Include="mp4convert\CustomAVFilter.hpp">
      <Filter>mp4convert</Filter>
    </ClInclude>
  </ItemGroup>
  <ItemGroup>
    <ClCompile Include="FFmpegDemo.cpp" />
  </ItemGroup>
</Project>